
Microsoft Visual Studio Solution File, Format Version 12.00
# Visual Studio Version 16
VisualStudioVersion = 16.0.30523.141
MinimumVisualStudioVersion = 10.0.40219.1
Project("{FAE04EC0-301F-11D3-BF4B-00C04F79EFBC}") = "IstanbulNs", "IstanbulNs\IstanbulNs.csproj", "{FD5D997D-DBA6-4749-B769-05F96F951BD2}"
EndProject
Global
	GlobalSection(SolutionConfigurationPlatforms) = preSolution
		Debug|Any CPU = Debug|Any CPU
		Release|Any CPU = Release|Any CPU
	EndGlobalSection
	GlobalSection(ProjectConfigurationPlatforms) = postSolution
		{FD5D997D-DBA6-4749-B769-05F96F951BD2}.Debug|Any CPU.ActiveCfg = Debug|Any CPU
		{FD5D997D-DBA6-4749-B769-05F96F951BD2}.Debug|Any CPU.Build.0 = Debug|Any CPU
		{FD5D997D-DBA6-4749-B769-05F96F951BD2}.Release|Any CPU.ActiveCfg = Release|Any CPU
		{FD5D997D-DBA6-4749-B769-05F96F951BD2}.Release|Any CPU.Build.0 = Release|Any CPU
	EndGlobalSection
	GlobalSection(SolutionProperties) = preSolution
		HideSolutionNode = FALSE
	EndGlobalSection
	GlobalSection(ExtensibilityGlobals) = postSolution
		SolutionGuid = {E93F9E38-669C-4303-886E-6D02F45724C9}
	EndGlobalSection
EndGlobal
